{
  "name": "signum-pgen",
  "version": "1.0.0",
  "lockfileVersion": 1,
  "requires": true,
  "dependencies": {
    "@fast-csv/format": {
      "version": "4.3.5",
      "resolved": "https://registry.npmjs.org/@fast-csv/format/-/format-4.3.5.tgz",
      "integrity": "sha512-8iRn6QF3I8Ak78lNAa+Gdl5MJJBM5vRHivFtMRUWINdevNo00K7OXxS2PshawLKTejVwieIlPmK5YlLu6w4u8A==",
      "requires": {
        "@types/node": "^14.0.1",
        "lodash.escaperegexp": "^4.1.2",
        "lodash.isboolean": "^3.0.3",
        "lodash.isequal": "^4.5.0",
        "lodash.isfunction": "^3.0.9",
        "lodash.isnil": "^4.0.0"
      },
      "dependencies": {
        "@types/node": {
          "version": "14.18.9",
          "resolved": "https://registry.npmjs.org/@types/node/-/node-14.18.9.tgz",
          "integrity": "sha512-j11XSuRuAlft6vLDEX4RvhqC0KxNxx6QIyMXNb0vHHSNPXTPeiy3algESWmOOIzEtiEL0qiowPU3ewW9hHVa7Q=="
        }
      }
    },
    "@signumjs/contracts": {
      "version": "1.0.0-rc.10",
      "resolved": "https://registry.npmjs.org/@signumjs/contracts/-/contracts-1.0.0-rc.10.tgz",
      "integrity": "sha512-guE4ZIJS16po+G9bOjiU887ZQE2EsZReDlruv5Shn9agMZSvhUmwk7/MOzfcDIwovUZ1nnKzTt73c3BMEbk7Ww==",
      "requires": {
        "@signumjs/util": "^1.0.0-rc.10"
      }
    },
    "@signumjs/core": {
      "version": "1.0.0-rc.10",
      "resolved": "https://registry.npmjs.org/@signumjs/core/-/core-1.0.0-rc.10.tgz",
      "integrity": "sha512-+WismRPvoYrCWSuQgSzNegqixvCSPax53wsmE8sYDPP53+++VNaiXPN5G7iQ42bJlUo0nVShbS6tnnVSX/yhtQ==",
      "requires": {
        "@signumjs/contracts": "^1.0.0-rc.10",
        "@signumjs/crypto": "^1.0.0-rc.10",
        "@signumjs/http": "^1.0.0-rc.10",
        "@signumjs/util": "^1.0.0-rc.10"
      }
    },
    "@signumjs/crypto": {
      "version": "1.0.0-rc.10",
      "resolved": "https://registry.npmjs.org/@signumjs/crypto/-/crypto-1.0.0-rc.10.tgz",
      "integrity": "sha512-F3QBTzOnSdzXdgUGP4RsjFBplA4NGuS3Cm5xavSxGwcnY1PjS7PQsPkhNAXPFnx1mLY7/Nm4G2HaUedcciO+ng==",
      "requires": {
        "@types/crypto-js": "^3.1.43",
        "@types/node": "^12.0.0",
        "@types/pako": "^1.0.1",
        "@types/seedrandom": "^2.4.27",
        "crypto-js": "^3.1.9-1",
        "pako": "^1.0.10",
        "seedrandom": "^3.0.5"
      }
    },
    "@signumjs/http": {
      "version": "1.0.0-rc.10",
      "resolved": "https://registry.npmjs.org/@signumjs/http/-/http-1.0.0-rc.10.tgz",
      "integrity": "sha512-6AyWu3sCrjmi8iLknGI4PqU6+HmiiWFj4Lf/+VPkIwl/WdEZHmPX2VyugqMvWd9bWV5tTxmJO33bM0Jbu7g8SA==",
      "requires": {
        "axios": "^0.21.4"
      }
    },
    "@signumjs/util": {
      "version": "1.0.0-rc.10",
      "resolved": "https://registry.npmjs.org/@signumjs/util/-/util-1.0.0-rc.10.tgz",
      "integrity": "sha512-uTRs/Lt5YWT5SAJW0LNxcKigZ9QMLCTsJaogIvtVPWC9X9wxmdej1TPb+6gNf9hPy4iY1x06OrWsl3jqDP/CEQ==",
      "requires": {
        "bignumber.js": "^9.0.0",
        "js-base64": "^3.6.0"
      }
    },
    "@types/crypto-js": {
      "version": "3.1.47",
      "resolved": "https://registry.npmjs.org/@types/crypto-js/-/crypto-js-3.1.47.tgz",
      "integrity": "sha512-eI6gvpcGHLk3dAuHYnRCAjX+41gMv1nz/VP55wAe5HtmAKDOoPSfr3f6vkMc08ov1S0NsjvUBxDtHHxqQY1LGA=="
    },
    "@types/node": {
      "version": "12.20.42",
      "resolved": "https://registry.npmjs.org/@types/node/-/node-12.20.42.tgz",
      "integrity": "sha512-aI3/oo5DzyiI5R/xAhxxRzfZlWlsbbqdgxfTPkqu/Zt+23GXiJvMCyPJT4+xKSXOnLqoL8jJYMLTwvK2M3a5hw=="
    },
    "@types/pako": {
      "version": "1.0.3",
      "resolved": "https://registry.npmjs.org/@types/pako/-/pako-1.0.3.tgz",
      "integrity": "sha512-EDxOsHAD5dqjbjEUM1xwa7rpKPFb8ECBE5irONTQU7/OsO3thI5YrNEWSPNMvYmvFM0l/OLQJ6Mgw7PEdXSjhg=="
    },
    "@types/seedrandom": {
      "version": "2.4.30",
      "resolved": "https://registry.npmjs.org/@types/seedrandom/-/seedrandom-2.4.30.tgz",
      "integrity": "sha512-AnxLHewubLVzoF/A4qdxBGHCKifw8cY32iro3DQX9TPcetE95zBeVt3jnsvtvAUf1vwzMfwzp4t/L2yqPlnjkQ=="
    },
    "axios": {
      "version": "0.21.4",
      "resolved": "https://registry.npmjs.org/axios/-/axios-0.21.4.tgz",
      "integrity": "sha512-ut5vewkiu8jjGBdqpM44XxjuCjq9LAKeHVmoVfHVzy8eHgxxq8SbAVQNovDA8mVi05kP0Ea/n/UzcSHcTJQfNg==",
      "requires": {
        "follow-redirects": "^1.14.0"
      }
    },
    "bignumber.js": {
      "version": "9.0.2",
      "resolved": "https://registry.npmjs.org/bignumber.js/-/bignumber.js-9.0.2.tgz",
      "integrity": "sha512-GAcQvbpsM0pUb0zw1EI0KhQEZ+lRwR5fYaAp3vPOYuP7aDvGy6cVN6XHLauvF8SOga2y0dcLcjt3iQDTSEliyw=="
    },
    "commander": {
      "version": "8.3.0",
      "resolved": "https://registry.npmjs.org/commander/-/commander-8.3.0.tgz",
      "integrity": "sha512-OkTL9umf+He2DZkUq8f8J9of7yL6RJKI24dVITBmNfZBmri9zYZQrKkuXiKhyfPSu8tUhnVBB1iKXevvnlR4Ww=="
    },
    "crypto-js": {
      "version": "3.3.0",
      "resolved": "https://registry.npmjs.org/crypto-js/-/crypto-js-3.3.0.tgz",
      "integrity": "sha512-DIT51nX0dCfKltpRiXV+/TVZq+Qq2NgF4644+K7Ttnla7zEzqc+kjJyiB96BHNyUTBxyjzRcZYpUdZa+QAqi6Q=="
    },
    "follow-redirects": {
      "version": "1.14.7",
      "resolved": "https://registry.npmjs.org/follow-redirects/-/follow-redirects-1.14.7.tgz",
      "integrity": "sha512-+hbxoLbFMbRKDwohX8GkTataGqO6Jb7jGwpAlwgy2bIz25XtRm7KEzJM76R1WiNT5SwZkX4Y75SwBolkpmE7iQ=="
    },
    "js-base64": {
      "version": "3.7.2",
      "resolved": "https://registry.npmjs.org/js-base64/-/js-base64-3.7.2.tgz",
      "integrity": "sha512-NnRs6dsyqUXejqk/yv2aiXlAvOs56sLkX6nUdeaNezI5LFFLlsZjOThmwnrcwh5ZZRwZlCMnVAY3CvhIhoVEKQ=="
    },
    "lodash.escaperegexp": {
      "version": "4.1.2",
      "resolved": "https://registry.npmjs.org/lodash.escaperegexp/-/lodash.escaperegexp-4.1.2.tgz",
      "integrity": "sha1-ZHYsSGGAglGKw99Mz11YhtriA0c="
    },
    "lodash.isboolean": {
      "version": "3.0.3",
      "resolved": "https://registry.npmjs.org/lodash.isboolean/-/lodash.isboolean-3.0.3.tgz",
      "integrity": "sha1-bC4XHbKiV82WgC/UOwGyDV9YcPY="
    },
    "lodash.isequal": {
      "version": "4.5.0",
      "resolved": "https://registry.npmjs.org/lodash.isequal/-/lodash.isequal-4.5.0.tgz",
      "integrity": "sha1-QVxEePK8wwEgwizhDtMib30+GOA="
    },
    "lodash.isfunction": {
      "version": "3.0.9",
      "resolved": "https://registry.npmjs.org/lodash.isfunction/-/lodash.isfunction-3.0.9.tgz",
      "integrity": "sha512-AirXNj15uRIMMPihnkInB4i3NHeb4iBtNg9WRWuK2o31S+ePwwNmDPaTL3o7dTJ+VXNZim7rFs4rxN4YU1oUJw=="
    },
    "lodash.isnil": {
      "version": "4.0.0",
      "resolved": "https://registry.npmjs.org/lodash.isnil/-/lodash.isnil-4.0.0.tgz",
      "integrity": "sha1-SeKM1VkBNFjIFMVHnTxmOiG/qmw="
    },
    "pako": {
      "version": "1.0.11",
      "resolved": "https://registry.npmjs.org/pako/-/pako-1.0.11.tgz",
      "integrity": "sha512-4hLB8Py4zZce5s4yd9XzopqwVv/yGNhV1Bl8NTmCq1763HeK2+EwVTv+leGeL13Dnh2wfbqowVPXCIO0z4taYw=="
    },
    "seedrandom": {
      "version": "3.0.5",
      "resolved": "https://registry.npmjs.org/seedrandom/-/seedrandom-3.0.5.tgz",
      "integrity": "sha512-8OwmbklUNzwezjGInmZ+2clQmExQPvomqjL7LFqOYqtmuxRgQYqOD3mHaU+MvZn5FLUeVxVfQjwLZW/n/JFuqg=="
    }
  }
}
